
Microsoft Visual Studio Solution File, Format Version 12.00
# Visual Studio Version 17
VisualStudioVersion = 17.9.34728.123
MinimumVisualStudioVersion = 10.0.40219.1
Project("{8BC9CEB8-8B4A-11D0-8D11-00A0C91BC942}") = "dynamicProgramming", "dynamicProgramming.vcxproj", "{83DACEA0-CC33-4856-A035-44591C42DEBD}"
EndProject
Global
	GlobalSection(SolutionConfigurationPlatforms) = preSolution
		Debug|x64 = Debug|x64
		Debug|x86 = Debug|x86
		Release|x64 = Release|x64
		Release|x86 = Release|x86
	EndGlobalSection
	GlobalSection(ProjectConfigurationPlatforms) = postSolution
		{83DACEA0-CC33-4856-A035-44591C42DEBD}.Debug|x64.ActiveCfg = Debug|x64
		{83DACEA0-CC33-4856-A035-44591C42DEBD}.Debug|x64.Build.0 = Debug|x64
		{83DACEA0-CC33-4856-A035-44591C42DEBD}.Debug|x86.ActiveCfg = Debug|Win32
		{83DACEA0-CC33-4856-A035-44591C42DEBD}.Debug|x86.Build.0 = Debug|Win32
		{83DACEA0-CC33-4856-A035-44591C42DEBD}.Release|x64.ActiveCfg = Release|x64
		{83DACEA0-CC33-4856-A035-44591C42DEBD}.Release|x64.Build.0 = Release|x64
		{83DACEA0-CC33-4856-A035-44591C42DEBD}.Release|x86.ActiveCfg = Release|Win32
		{83DACEA0-CC33-4856-A035-44591C42DEBD}.Release|x86.Build.0 = Release|Win32
	EndGlobalSection
	GlobalSection(SolutionProperties) = preSolution
		HideSolutionNode = FALSE
	EndGlobalSection
	GlobalSection(ExtensibilityGlobals) = postSolution
		SolutionGuid = {A5DA7B5D-C546-4E52-A40E-F90E6F1A0150}
	EndGlobalSection
EndGlobal
